
Microsoft Visual Studio Solution File, Format Version 12.00
# Visual Studio Version 16
VisualStudioVersion = 16.0.31624.102
MinimumVisualStudioVersion = 10.0.40219.1
Project("{FAE04EC0-301F-11D3-BF4B-00C04F79EFBC}") = "rostok", "rostok\rostok.csproj", "{E37142F0-E907-40A6-A46C-854F650A3682}"
EndProject
Global
	GlobalSection(SolutionConfigurationPlatforms) = preSolution
		Debug|Any CPU = Debug|Any CPU
		Release|Any CPU = Release|Any CPU
	EndGlobalSection
	GlobalSection(ProjectConfigurationPlatforms) = postSolution
		{E37142F0-E907-40A6-A46C-854F650A3682}.Debug|Any CPU.ActiveCfg = Debug|Any CPU
		{E37142F0-E907-40A6-A46C-854F650A3682}.Debug|Any CPU.Build.0 = Debug|Any CPU
		{E37142F0-E907-40A6-A46C-854F650A3682}.Release|Any CPU.ActiveCfg = Release|Any CPU
		{E37142F0-E907-40A6-A46C-854F650A3682}.Release|Any CPU.Build.0 = Release|Any CPU
	EndGlobalSection
	GlobalSection(SolutionProperties) = preSolution
		HideSolutionNode = FALSE
	EndGlobalSection
	GlobalSection(ExtensibilityGlobals) = postSolution
		SolutionGuid = {0C2D82CD-452D-43BE-88F8-08F84382BCB1}
	EndGlobalSection
EndGlobal
